
Microsoft Visual Studio Solution File, Format Version 12.00
# Visual Studio Version 17
VisualStudioVersion = 17.7.34009.444
MinimumVisualStudioVersion = 10.0.40219.1
Project("{FAE04EC0-301F-11D3-BF4B-00C04F79EFBC}") = "PopupDxDataGrid", "PopupDxDataGrid\PopupDxDataGrid.csproj", "{A165BE5B-A438-4E14-B0C6-B039C17BBCF7}"
EndProject
Global
	GlobalSection(SolutionConfigurationPlatforms) = preSolution
		Debug|Any CPU = Debug|Any CPU
		Release|Any CPU = Release|Any CPU
	EndGlobalSection
	GlobalSection(ProjectConfigurationPlatforms) = postSolution
		{A165BE5B-A438-4E14-B0C6-B039C17BBCF7}.Debug|Any CPU.ActiveCfg = Debug|Any CPU
		{A165BE5B-A438-4E14-B0C6-B039C17BBCF7}.Debug|Any CPU.Build.0 = Debug|Any CPU
		{A165BE5B-A438-4E14-B0C6-B039C17BBCF7}.Release|Any CPU.ActiveCfg = Release|Any CPU
		{A165BE5B-A438-4E14-B0C6-B039C17BBCF7}.Release|Any CPU.Build.0 = Release|Any CPU
	EndGlobalSection
	GlobalSection(SolutionProperties) = preSolution
		HideSolutionNode = FALSE
	EndGlobalSection
	GlobalSection(ExtensibilityGlobals) = postSolution
		SolutionGuid = {62D36639-555D-44EC-AC71-061810C4803B}
	EndGlobalSection
EndGlobal
